
Microsoft Visual Studio Solution File, Format Version 12.00
# Visual Studio Version 16
VisualStudioVersion = 16.0.30204.135
MinimumVisualStudioVersion = 10.0.40219.1
Project("{9A19103F-16F7-4668-BE54-9A1E7A4F7556}") = "03.Numbers", "MidExam\03.Numbers.csproj", "{6F20C02D-5BAA-4F99-9B74-88126DA713F4}"
EndProject
Project("{9A19103F-16F7-4668-BE54-9A1E7A4F7556}") = "02.ArrayModifier", "02\02.ArrayModifier.csproj", "{D5365694-983E-44D3-9D57-4072F915CBCE}"
EndProject
Project("{9A19103F-16F7-4668-BE54-9A1E7A4F7556}") = "SoftUni", "03\SoftUni.csproj", "{8247C72A-671A-42C5-AAF2-E01B6452FAAB}"
EndProject
Global
	GlobalSection(SolutionConfigurationPlatforms) = preSolution
		Debug|Any CPU = Debug|Any CPU
		Release|Any CPU = Release|Any CPU
	EndGlobalSection
	GlobalSection(ProjectConfigurationPlatforms) = postSolution
		{6F20C02D-5BAA-4F99-9B74-88126DA713F4}.Debug|Any CPU.ActiveCfg = Debug|Any CPU
		{6F20C02D-5BAA-4F99-9B74-88126DA713F4}.Debug|Any CPU.Build.0 = Debug|Any CPU
		{6F20C02D-5BAA-4F99-9B74-88126DA713F4}.Release|Any CPU.ActiveCfg = Release|Any CPU
		{6F20C02D-5BAA-4F99-9B74-88126DA713F4}.Release|Any CPU.Build.0 = Release|Any CPU
		{D5365694-983E-44D3-9D57-4072F915CBCE}.Debug|Any CPU.ActiveCfg = Debug|Any CPU
		{D5365694-983E-44D3-9D57-4072F915CBCE}.Debug|Any CPU.Build.0 = Debug|Any CPU
		{D5365694-983E-44D3-9D57-4072F915CBCE}.Release|Any CPU.ActiveCfg = Release|Any CPU
		{D5365694-983E-44D3-9D57-4072F915CBCE}.Release|Any CPU.Build.0 = Release|Any CPU
		{8247C72A-671A-42C5-AAF2-E01B6452FAAB}.Debug|Any CPU.ActiveCfg = Debug|Any CPU
		{8247C72A-671A-42C5-AAF2-E01B6452FAAB}.Debug|Any CPU.Build.0 = Debug|Any CPU
		{8247C72A-671A-42C5-AAF2-E01B6452FAAB}.Release|Any CPU.ActiveCfg = Release|Any CPU
		{8247C72A-671A-42C5-AAF2-E01B6452FAAB}.Release|Any CPU.Build.0 = Release|Any CPU
	EndGlobalSection
	GlobalSection(SolutionProperties) = preSolution
		HideSolutionNode = FALSE
	EndGlobalSection
	GlobalSection(ExtensibilityGlobals) = postSolution
		SolutionGuid = {06D3434D-5C39-46D4-A00E-B2DCCA4F085E}
	EndGlobalSection
EndGlobal
