
Microsoft Visual Studio Solution File, Format Version 12.00
# Visual Studio Version 16
VisualStudioVersion = 16.0.32602.291
MinimumVisualStudioVersion = 10.0.40219.1
Project("{FAE04EC0-301F-11D3-BF4B-00C04F79EFBC}") = "01ConvertMetersToKilometers", "01ConvertMetersToKilometers\01ConvertMetersToKilometers.csproj", "{BDCF37C9-6F32-4EA5-963D-1D5D93E5146F}"
EndProject
Project("{FAE04EC0-301F-11D3-BF4B-00C04F79EFBC}") = "02PoundsToDollars", "02PoundsToDollars\02PoundsToDollars.csproj", "{2A010264-9025-4CEB-9862-AEA787298E1E}"
EndProject
Project("{FAE04EC0-301F-11D3-BF4B-00C04F79EFBC}") = "03ExactSumOfRealNumbers", "03ExactSumOfRealNumbers\03ExactSumOfRealNumbers.csproj", "{8DBB3834-2BA9-40C8-B067-E35E3B1C1F25}"
EndProject
Project("{FAE04EC0-301F-11D3-BF4B-00C04F79EFBC}") = "04CenturiesToMinutes", "04CenturiesToMinutes\04CenturiesToMinutes.csproj", "{FD0E03D1-6762-43B8-8C50-278866256FF4}"
EndProject
Project("{FAE04EC0-301F-11D3-BF4B-00C04F79EFBC}") = "05SpecialNumbers", "05SpecialNumbers\05SpecialNumbers.csproj", "{EB0B2660-E71D-403F-9810-C830B136B7B6}"
EndProject
Project("{FAE04EC0-301F-11D3-BF4B-00C04F79EFBC}") = "06ReversedChars", "06ReversedChars\06ReversedChars.csproj", "{7CB3F7E2-A3E0-41F9-9B81-B9EE52DE1E2A}"
EndProject
Project("{FAE04EC0-301F-11D3-BF4B-00C04F79EFBC}") = "07ConcatNames", "07ConcatNames\07ConcatNames.csproj", "{EB3F26DE-A73F-41E4-A64E-92C183E35640}"
EndProject
Project("{FAE04EC0-301F-11D3-BF4B-00C04F79EFBC}") = "08TownInfo", "08TownInfo\08TownInfo.csproj", "{2FEFF283-ECC2-47CE-BC29-57EF3DE7FDD0}"
EndProject
Project("{FAE04EC0-301F-11D3-BF4B-00C04F79EFBC}") = "09CharsToString", "09CharsToString\09CharsToString.csproj", "{9151367A-200C-4F85-A599-0A09B06229C6}"
EndProject
Project("{FAE04EC0-301F-11D3-BF4B-00C04F79EFBC}") = "10LowerOrUppe", "10LowerOrUppe\10LowerOrUppe.csproj", "{6AFDD7F3-B5BB-47A1-8962-6A3D6AFD62B2}"
EndProject
Project("{FAE04EC0-301F-11D3-BF4B-00C04F79EFBC}") = "11RefactorVolumeOfPyramid", "11RefactorVolumeOfPyramid\11RefactorVolumeOfPyramid.csproj", "{3B43DF39-2B9F-4631-B3E0-0E38FB135E9E}"
EndProject
Global
	GlobalSection(SolutionConfigurationPlatforms) = preSolution
		Debug|Any CPU = Debug|Any CPU
		Release|Any CPU = Release|Any CPU
	EndGlobalSection
	GlobalSection(ProjectConfigurationPlatforms) = postSolution
		{BDCF37C9-6F32-4EA5-963D-1D5D93E5146F}.Debug|Any CPU.ActiveCfg = Debug|Any CPU
		{BDCF37C9-6F32-4EA5-963D-1D5D93E5146F}.Debug|Any CPU.Build.0 = Debug|Any CPU
		{BDCF37C9-6F32-4EA5-963D-1D5D93E5146F}.Release|Any CPU.ActiveCfg = Release|Any CPU
		{BDCF37C9-6F32-4EA5-963D-1D5D93E5146F}.Release|Any CPU.Build.0 = Release|Any CPU
		{2A010264-9025-4CEB-9862-AEA787298E1E}.Debug|Any CPU.ActiveCfg = Debug|Any CPU
		{2A010264-9025-4CEB-9862-AEA787298E1E}.Debug|Any CPU.Build.0 = Debug|Any CPU
		{2A010264-9025-4CEB-9862-AEA787298E1E}.Release|Any CPU.ActiveCfg = Release|Any CPU
		{2A010264-9025-4CEB-9862-AEA787298E1E}.Release|Any CPU.Build.0 = Release|Any CPU
		{8DBB3834-2BA9-40C8-B067-E35E3B1C1F25}.Debug|Any CPU.ActiveCfg = Debug|Any CPU
		{8DBB3834-2BA9-40C8-B067-E35E3B1C1F25}.Debug|Any CPU.Build.0 = Debug|Any CPU
		{8DBB3834-2BA9-40C8-B067-E35E3B1C1F25}.Release|Any CPU.ActiveCfg = Release|Any CPU
		{8DBB3834-2BA9-40C8-B067-E35E3B1C1F25}.Release|Any CPU.Build.0 = Release|Any CPU
		{FD0E03D1-6762-43B8-8C50-278866256FF4}.Debug|Any CPU.ActiveCfg = Debug|Any CPU
		{FD0E03D1-6762-43B8-8C50-278866256FF4}.Debug|Any CPU.Build.0 = Debug|Any CPU
		{FD0E03D1-6762-43B8-8C50-278866256FF4}.Release|Any CPU.ActiveCfg = Release|Any CPU
		{FD0E03D1-6762-43B8-8C50-278866256FF4}.Release|Any CPU.Build.0 = Release|Any CPU
		{EB0B2660-E71D-403F-9810-C830B136B7B6}.Debug|Any CPU.ActiveCfg = Debug|Any CPU
		{EB0B2660-E71D-403F-9810-C830B136B7B6}.Debug|Any CPU.Build.0 = Debug|Any CPU
		{EB0B2660-E71D-403F-9810-C830B136B7B6}.Release|Any CPU.ActiveCfg = Release|Any CPU
		{EB0B2660-E71D-403F-9810-C830B136B7B6}.Release|Any CPU.Build.0 = Release|Any CPU
		{7CB3F7E2-A3E0-41F9-9B81-B9EE52DE1E2A}.Debug|Any CPU.ActiveCfg = Debug|Any CPU
		{7CB3F7E2-A3E0-41F9-9B81-B9EE52DE1E2A}.Debug|Any CPU.Build.0 = Debug|Any CPU
		{7CB3F7E2-A3E0-41F9-9B81-B9EE52DE1E2A}.Release|Any CPU.ActiveCfg = Release|Any CPU
		{7CB3F7E2-A3E0-41F9-9B81-B9EE52DE1E2A}.Release|Any CPU.Build.0 = Release|Any CPU
		{EB3F26DE-A73F-41E4-A64E-92C183E35640}.Debug|Any CPU.ActiveCfg = Debug|Any CPU
		{EB3F26DE-A73F-41E4-A64E-92C183E35640}.Debug|Any CPU.Build.0 = Debug|Any CPU
		{EB3F26DE-A73F-41E4-A64E-92C183E35640}.Release|Any CPU.ActiveCfg = Release|Any CPU
		{EB3F26DE-A73F-41E4-A64E-92C183E35640}.Release|Any CPU.Build.0 = Release|Any CPU
		{2FEFF283-ECC2-47CE-BC29-57EF3DE7FDD0}.Debug|Any CPU.ActiveCfg = Debug|Any CPU
		{2FEFF283-ECC2-47CE-BC29-57EF3DE7FDD0}.Debug|Any CPU.Build.0 = Debug|Any CPU
		{2FEFF283-ECC2-47CE-BC29-57EF3DE7FDD0}.Release|Any CPU.ActiveCfg = Release|Any CPU
		{2FEFF283-ECC2-47CE-BC29-57EF3DE7FDD0}.Release|Any CPU.Build.0 = Release|Any CPU
		{9151367A-200C-4F85-A599-0A09B06229C6}.Debug|Any CPU.ActiveCfg = Debug|Any CPU
		{9151367A-200C-4F85-A599-0A09B06229C6}.Debug|Any CPU.Build.0 = Debug|Any CPU
		{9151367A-200C-4F85-A599-0A09B06229C6}.Release|Any CPU.ActiveCfg = Release|Any CPU
		{9151367A-200C-4F85-A599-0A09B06229C6}.Release|Any CPU.Build.0 = Release|Any CPU
		{6AFDD7F3-B5BB-47A1-8962-6A3D6AFD62B2}.Debug|Any CPU.ActiveCfg = Debug|Any CPU
		{6AFDD7F3-B5BB-47A1-8962-6A3D6AFD62B2}.Debug|Any CPU.Build.0 = Debug|Any CPU
		{6AFDD7F3-B5BB-47A1-8962-6A3D6AFD62B2}.Release|Any CPU.ActiveCfg = Release|Any CPU
		{6AFDD7F3-B5BB-47A1-8962-6A3D6AFD62B2}.Release|Any CPU.Build.0 = Release|Any CPU
		{3B43DF39-2B9F-4631-B3E0-0E38FB135E9E}.Debug|Any CPU.ActiveCfg = Debug|Any CPU
		{3B43DF39-2B9F-4631-B3E0-0E38FB135E9E}.Debug|Any CPU.Build.0 = Debug|Any CPU
		{3B43DF39-2B9F-4631-B3E0-0E38FB135E9E}.Release|Any CPU.ActiveCfg = Release|Any CPU
		{3B43DF39-2B9F-4631-B3E0-0E38FB135E9E}.Release|Any CPU.Build.0 = Release|Any CPU
	EndGlobalSection
	GlobalSection(SolutionProperties) = preSolution
		HideSolutionNode = FALSE
	EndGlobalSection
	GlobalSection(ExtensibilityGlobals) = postSolution
		SolutionGuid = {F373D453-3377-4AF1-8701-D88A0654873C}
	EndGlobalSection
EndGlobal
